// !$*UTF8*$!
{
	archiveVersion = 1;
	classes = {
	};
	objectVersion = 51;
	objects = {

/* Begin PBXBuildFile section */
		1A481B3E253E43E600F9A961 /* CreateEventStory.storyboard in Resources */ = {isa = PBXBuildFile; fileRef = 1A481B3D253E43E600F9A961 /* CreateEventStory.storyboard */; };
		1AF47ACC253666DA0092CE1B /* AppDelegate.swift in Sources */ = {isa = PBXBuildFile; fileRef = 1AF47ACB253666DA0092CE1B /* AppDelegate.swift */; };
		1AF47ACE253666DA0092CE1B /* SceneDelegate.swift in Sources */ = {isa = PBXBuildFile; fileRef = 1AF47ACD253666DA0092CE1B /* SceneDelegate.swift */; };
		1AF47AD0253666DA0092CE1B /* ViewController.swift in Sources */ = {isa = PBXBuildFile; fileRef = 1AF47ACF253666DA0092CE1B /* ViewController.swift */; };
		1AF47AD3253666DA0092CE1B /* Main.storyboard in Resources */ = {isa = PBXBuildFile; fileRef = 1AF47AD1253666DA0092CE1B /* Main.storyboard */; };
		1AF47AD6253666DA0092CE1B /* Mobilize.xcdatamodeld in Sources */ = {isa = PBXBuildFile; fileRef = 1AF47AD4253666DA0092CE1B /* Mobilize.xcdatamodeld */; };
		1AF47AD8253666DA0092CE1B /* Assets.xcassets in Resources */ = {isa = PBXBuildFile; fileRef = 1AF47AD7253666DA0092CE1B /* Assets.xcassets */; };
		1AF47ADB253666DA0092CE1B /* LaunchScreen.storyboard in Resources */ = {isa = PBXBuildFile; fileRef = 1AF47AD9253666DA0092CE1B /* LaunchScreen.storyboard */; };
		1AF496182539001F00CABA30 /* GoogleService-Info.plist in Resources */ = {isa = PBXBuildFile; fileRef = 1AF496162539001F00CABA30 /* GoogleService-Info.plist */; };
		1AF496302539040C00CABA30 /* HomeViewController.swift in Sources */ = {isa = PBXBuildFile; fileRef = 1AF4962F2539040C00CABA30 /* HomeViewController.swift */; };
		934E6AFC253F8EA000DA9392 /* LoginViewController.swift in Sources */ = {isa = PBXBuildFile; fileRef = 934E6AFB253F8EA000DA9392 /* LoginViewController.swift */; };
		BF47B03D5A51FD2ADD1E0002 /* Pods_Mobilize.framework in Frameworks */ = {isa = PBXBuildFile; fileRef = D16664B2B4F5523DAF4E7C5A /* Pods_Mobilize.framework */; };
		DBB830AC253E958400F2B48E /* CreateProfileViewController.swift in Sources */ = {isa = PBXBuildFile; fileRef = DBB830AB253E958400F2B48E /* CreateProfileViewController.swift */; };
		DBB8312C253EC9DE00F2B48E /* Base.lproj in Resources */ = {isa = PBXBuildFile; fileRef = DBB8312B253EC9DE00F2B48E /* Base.lproj */; };
		DBB83141253ED6C600F2B48E /* Transition.swift in Sources */ = {isa = PBXBuildFile; fileRef = DBB83140253ED6C600F2B48E /* Transition.swift */; };
		DBB83146253ED7B200F2B48E /* LoginStory.storyboard in Resources */ = {isa = PBXBuildFile; fileRef = DBB83144253ED7B200F2B48E /* LoginStory.storyboard */; };
/* End PBXBuildFile section */

/* Begin PBXFileReference section */
		1A481B3D253E43E600F9A961 /* CreateEventStory.storyboard */ = {isa = PBXFileReference; lastKnownFileType = file.storyboard; path = CreateEventStory.storyboard; sourceTree = "<group>"; };
		1AF47AC8253666DA0092CE1B /* Mobilize.app */ = {isa = PBXFileReference; explicitFileType = wrapper.application; includeInIndex = 0; path = Mobilize.app; sourceTree = BUILT_PRODUCTS_DIR; };
		1AF47ACB253666DA0092CE1B /* AppDelegate.swift */ = {isa = PBXFileReference; lastKnownFileType = sourcecode.swift; path = AppDelegate.swift; sourceTree = "<group>"; };
		1AF47ACD253666DA0092CE1B /* SceneDelegate.swift */ = {isa = PBXFileReference; lastKnownFileType = sourcecode.swift; path = SceneDelegate.swift; sourceTree = "<group>"; };
		1AF47ACF253666DA0092CE1B /* ViewController.swift */ = {isa = PBXFileReference; lastKnownFileType = sourcecode.swift; path = ViewController.swift; sourceTree = "<group>"; };
		1AF47AD2253666DA0092CE1B /* Base */ = {isa = PBXFileReference; lastKnownFileType = file.storyboard; name = Base; path = Base.lproj/Main.storyboard; sourceTree = "<group>"; };
		1AF47AD5253666DA0092CE1B /* Mobilize.xcdatamodel */ = {isa = PBXFileReference; lastKnownFileType = wrapper.xcdatamodel; path = Mobilize.xcdatamodel; sourceTree = "<group>"; };
		1AF47AD7253666DA0092CE1B /* Assets.xcassets */ = {isa = PBXFileReference; lastKnownFileType = folder.assetcatalog; path = Assets.xcassets; sourceTree = "<group>"; };
		1AF47ADA253666DA0092CE1B /* Base */ = {isa = PBXFileReference; lastKnownFileType = file.storyboard; name = Base; path = Base.lproj/LaunchScreen.storyboard; sourceTree = "<group>"; };
		1AF47ADC253666DA0092CE1B /* Info.plist */ = {isa = PBXFileReference; lastKnownFileType = text.plist.xml; path = Info.plist; sourceTree = "<group>"; };
		1AF496162539001F00CABA30 /* GoogleService-Info.plist */ = {isa = PBXFileReference; fileEncoding = 4; lastKnownFileType = text.plist.xml; path = "GoogleService-Info.plist"; sourceTree = "<group>"; };
		1AF4962F2539040C00CABA30 /* HomeViewController.swift */ = {isa = PBXFileReference; lastKnownFileType = sourcecode.swift; path = HomeViewController.swift; sourceTree = "<group>"; };
		2CC66262A03F9E3F9A513159 /* Pods-Mobilize.debug.xcconfig */ = {isa = PBXFileReference; includeInIndex = 1; lastKnownFileType = text.xcconfig; name = "Pods-Mobilize.debug.xcconfig"; path = "Target Support Files/Pods-Mobilize/Pods-Mobilize.debug.xcconfig"; sourceTree = "<group>"; };
		2F96F08B931D41834245C92F /* Pods-Mobilize.release.xcconfig */ = {isa = PBXFileReference; includeInIndex = 1; lastKnownFileType = text.xcconfig; name = "Pods-Mobilize.release.xcconfig"; path = "Target Support Files/Pods-Mobilize/Pods-Mobilize.release.xcconfig"; sourceTree = "<group>"; };
		934E6AFB253F8EA000DA9392 /* LoginViewController.swift */ = {isa = PBXFileReference; fileEncoding = 4; lastKnownFileType = sourcecode.swift; path = LoginViewController.swift; sourceTree = "<group>"; };
		D16664B2B4F5523DAF4E7C5A /* Pods_Mobilize.framework */ = {isa = PBXFileReference; explicitFileType = wrapper.framework; includeInIndex = 0; path = Pods_Mobilize.framework; sourceTree = BUILT_PRODUCTS_DIR; };
		DBB830A3253E7A6B00F2B48E /* Mobilize.entitlements */ = {isa = PBXFileReference; lastKnownFileType = text.plist.entitlements; path = Mobilize.entitlements; sourceTree = "<group>"; };
		DBB830AB253E958400F2B48E /* CreateProfileViewController.swift */ = {isa = PBXFileReference; fileEncoding = 4; lastKnownFileType = sourcecode.swift; path = CreateProfileViewController.swift; sourceTree = "<group>"; };
		DBB8312B253EC9DE00F2B48E /* Base.lproj */ = {isa = PBXFileReference; fileEncoding = 4; lastKnownFileType = folder; path = Base.lproj; sourceTree = "<group>"; };
		DBB83140253ED6C600F2B48E /* Transition.swift */ = {isa = PBXFileReference; lastKnownFileType = sourcecode.swift; path = Transition.swift; sourceTree = "<group>"; };
		DBB83145253ED7B200F2B48E /* Base */ = {isa = PBXFileReference; lastKnownFileType = file.storyboard; name = Base; path = Base.lproj/LoginStory.storyboard; sourceTree = "<group>"; };
/* End PBXFileReference section */

/* Begin PBXFrameworksBuildPhase section */
		1AF47AC5253666DA0092CE1B /* Frameworks */ = {
			isa = PBXFrameworksBuildPhase;
			buildActionMask = 2147483647;
			files = (
				BF47B03D5A51FD2ADD1E0002 /* Pods_Mobilize.framework in Frameworks */,
			);
			runOnlyForDeploymentPostprocessing = 0;
		};
/* End PBXFrameworksBuildPhase section */

/* Begin PBXGroup section */
		1AF47ABF253666DA0092CE1B = {
			isa = PBXGroup;
			children = (
				1AF47ACA253666DA0092CE1B /* Mobilize */,
				1AF47AC9253666DA0092CE1B /* Products */,
				EF9DB5F19464E68D396D8FBE /* Pods */,
				736F0C6B59539A783FD7388A /* Frameworks */,
			);
			sourceTree = "<group>";
		};
		1AF47AC9253666DA0092CE1B /* Products */ = {
			isa = PBXGroup;
			children = (
				1AF47AC8253666DA0092CE1B /* Mobilize.app */,
			);
			name = Products;
			sourceTree = "<group>";
		};
		1AF47ACA253666DA0092CE1B /* Mobilize */ = {
			isa = PBXGroup;
			children = (
				DBB8312B253EC9DE00F2B48E /* Base.lproj */,
				DBB830A3253E7A6B00F2B48E /* Mobilize.entitlements */,
				1AF4962A253903DA00CABA30 /* Controllers */,
				1AF496162539001F00CABA30 /* GoogleService-Info.plist */,
				1AF47ACB253666DA0092CE1B /* AppDelegate.swift */,
				1AF47ACD253666DA0092CE1B /* SceneDelegate.swift */,
				1AF47ACF253666DA0092CE1B /* ViewController.swift */,
				DBB83140253ED6C600F2B48E /* Transition.swift */,
				1AF47AD1253666DA0092CE1B /* Main.storyboard */,
				1A481B3D253E43E600F9A961 /* CreateEventStory.storyboard */,
				DBB83144253ED7B200F2B48E /* LoginStory.storyboard */,
				1AF47AD9253666DA0092CE1B /* LaunchScreen.storyboard */,
				1AF47AD7253666DA0092CE1B /* Assets.xcassets */,
				1AF47ADC253666DA0092CE1B /* Info.plist */,
				1AF47AD4253666DA0092CE1B /* Mobilize.xcdatamodeld */,
			);
			path = Mobilize;
			sourceTree = "<group>";
		};
		1AF4962A253903DA00CABA30 /* Controllers */ = {
			isa = PBXGroup;
			children = (
				DBB830A8253E93FE00F2B48E /* Login */,
				1AF4962F2539040C00CABA30 /* HomeViewController.swift */,
			);
			path = Controllers;
			sourceTree = "<group>";
		};
		736F0C6B59539A783FD7388A /* Frameworks */ = {
			isa = PBXGroup;
			children = (
				D16664B2B4F5523DAF4E7C5A /* Pods_Mobilize.framework */,
			);
			name = Frameworks;
			sourceTree = "<group>";
		};
		DBB830A8253E93FE00F2B48E /* Login */ = {
			isa = PBXGroup;
			children = (
				934E6AFB253F8EA000DA9392 /* LoginViewController.swift */,
				DBB830AB253E958400F2B48E /* CreateProfileViewController.swift */,
			);
			path = Login;
			sourceTree = "<group>";
		};
		EF9DB5F19464E68D396D8FBE /* Pods */ = {
			isa = PBXGroup;
			children = (
				2CC66262A03F9E3F9A513159 /* Pods-Mobilize.debug.xcconfig */,
				2F96F08B931D41834245C92F /* Pods-Mobilize.release.xcconfig */,
			);
			path = Pods;
			sourceTree = "<group>";
		};
/* End PBXGroup section */

/* Begin PBXNativeTarget section */
		1AF47AC7253666DA0092CE1B /* Mobilize */ = {
			isa = PBXNativeTarget;
			buildConfigurationList = 1AF47ADF253666DA0092CE1B /* Build configuration list for PBXNativeTarget "Mobilize" */;
			buildPhases = (
				052509CF7EFCF468C237315A /* [CP] Check Pods Manifest.lock */,
				1AF47AC4253666DA0092CE1B /* Sources */,
				1AF47AC5253666DA0092CE1B /* Frameworks */,
				1AF47AC6253666DA0092CE1B /* Resources */,
				592009D7A5F138AE476B1947 /* [CP] Embed Pods Frameworks */,
			);
			buildRules = (
			);
			dependencies = (
			);
			name = Mobilize;
			productName = Mobilize;
			productReference = 1AF47AC8253666DA0092CE1B /* Mobilize.app */;
			productType = "com.apple.product-type.application";
		};
/* End PBXNativeTarget section */

/* Begin PBXProject section */
		1AF47AC0253666DA0092CE1B /* Project object */ = {
			isa = PBXProject;
			attributes = {
				LastSwiftUpdateCheck = 1200;
				LastUpgradeCheck = 1200;
				TargetAttributes = {
					1AF47AC7253666DA0092CE1B = {
						CreatedOnToolsVersion = 12.0.1;
					};
				};
			};
			buildConfigurationList = 1AF47AC3253666DA0092CE1B /* Build configuration list for PBXProject "Mobilize" */;
			compatibilityVersion = "Xcode 9.3";
			developmentRegion = en;
			hasScannedForEncodings = 0;
			knownRegions = (
				en,
				Base,
			);
			mainGroup = 1AF47ABF253666DA0092CE1B;
			productRefGroup = 1AF47AC9253666DA0092CE1B /* Products */;
			projectDirPath = "";
			projectRoot = "";
			targets = (
				1AF47AC7253666DA0092CE1B /* Mobilize */,
			);
		};
/* End PBXProject section */

/* Begin PBXResourcesBuildPhase section */
		1AF47AC6253666DA0092CE1B /* Resources */ = {
			isa = PBXResourcesBuildPhase;
			buildActionMask = 2147483647;
			files = (
				1AF47ADB253666DA0092CE1B /* LaunchScreen.storyboard in Resources */,
				1AF496182539001F00CABA30 /* GoogleService-Info.plist in Resources */,
				1A481B3E253E43E600F9A961 /* CreateEventStory.storyboard in Resources */,
				1AF47AD8253666DA0092CE1B /* Assets.xcassets in Resources */,
				DBB8312C253EC9DE00F2B48E /* Base.lproj in Resources */,
				1AF47AD3253666DA0092CE1B /* Main.storyboard in Resources */,
				DBB83146253ED7B200F2B48E /* LoginStory.storyboard in Resources */,
			);
			runOnlyForDeploymentPostprocessing = 0;
		};
/* End PBXResourcesBuildPhase section */

/* Begin PBXShellScriptBuildPhase section */
		052509CF7EFCF468C237315A /* [CP] Check Pods Manifest.lock */ = {
			isa = PBXShellScriptBuildPhase;
			buildActionMask = 2147483647;
			files = (
			);
			inputFileListPaths = (
			);
			inputPaths = (
				"${PODS_PODFILE_DIR_PATH}/Podfile.lock",
				"${PODS_ROOT}/Manifest.lock",
			);
			name = "[CP] Check Pods Manifest.lock";
			outputFileListPaths = (
			);
			outputPaths = (
				"$(DERIVED_FILE_DIR)/Pods-Mobilize-checkManifestLockResult.txt",
			);
			runOnlyForDeploymentPostprocessing = 0;
			shellPath = /bin/sh;
			shellScript = "diff \"${PODS_PODFILE_DIR_PATH}/Podfile.lock\" \"${PODS_ROOT}/Manifest.lock\" > /dev/null\nif [ $? != 0 ] ; then\n    # print error to STDERR\n    echo \"error: The sandbox is not in sync with the Podfile.lock. Run 'pod install' or update your CocoaPods installation.\" >&2\n    exit 1\nfi\n# This output is used by Xcode 'outputs' to avoid re-running this script phase.\necho \"SUCCESS\" > \"${SCRIPT_OUTPUT_FILE_0}\"\n";
			showEnvVarsInLog = 0;
		};
		592009D7A5F138AE476B1947 /* [CP] Embed Pods Frameworks */ = {
			isa = PBXShellScriptBuildPhase;
			buildActionMask = 2147483647;
			files = (
			);
			inputFileListPaths = (
				"${PODS_ROOT}/Target Support Files/Pods-Mobilize/Pods-Mobilize-frameworks-${CONFIGURATION}-input-files.xcfilelist",
			);
			name = "[CP] Embed Pods Frameworks";
			outputFileListPaths = (
				"${PODS_ROOT}/Target Support Files/Pods-Mobilize/Pods-Mobilize-frameworks-${CONFIGURATION}-output-files.xcfilelist",
			);
			runOnlyForDeploymentPostprocessing = 0;
			shellPath = /bin/sh;
			shellScript = "\"${PODS_ROOT}/Target Support Files/Pods-Mobilize/Pods-Mobilize-frameworks.sh\"\n";
			showEnvVarsInLog = 0;
		};
/* End PBXShellScriptBuildPhase section */

/* Begin PBXSourcesBuildPhase section */
		1AF47AC4253666DA0092CE1B /* Sources */ = {
			isa = PBXSourcesBuildPhase;
			buildActionMask = 2147483647;
			files = (
				1AF47AD6253666DA0092CE1B /* Mobilize.xcdatamodeld in Sources */,
				1AF47AD0253666DA0092CE1B /* ViewController.swift in Sources */,
				1AF47ACC253666DA0092CE1B /* AppDelegate.swift in Sources */,
				1AF47ACE253666DA0092CE1B /* SceneDelegate.swift in Sources */,
				934E6AFC253F8EA000DA9392 /* LoginViewController.swift in Sources */,
				1AF496302539040C00CABA30 /* HomeViewController.swift in Sources */,
				DBB83141253ED6C600F2B48E /* Transition.swift in Sources */,
				DBB830AC253E958400F2B48E /* CreateProfileViewController.swift in Sources */,
			);
			runOnlyForDeploymentPostprocessing = 0;
		};
/* End PBXSourcesBuildPhase section */

/* Begin PBXVariantGroup section */
		1AF47AD1253666DA0092CE1B /* Main.storyboard */ = {
			isa = PBXVariantGroup;
			children = (
				1AF47AD2253666DA0092CE1B /* Base */,
			);
			name = Main.storyboard;
			sourceTree = "<group>";
		};
		1AF47AD9253666DA0092CE1B /* LaunchScreen.storyboard */ = {
			isa = PBXVariantGroup;
			children = (
				1AF47ADA253666DA0092CE1B /* Base */,
			);
			name = LaunchScreen.storyboard;
			sourceTree = "<group>";
		};
		DBB83144253ED7B200F2B48E /* LoginStory.storyboard */ = {
			isa = PBXVariantGroup;
			children = (
				DBB83145253ED7B200F2B48E /* Base */,
			);
			name = LoginStory.storyboard;
			sourceTree = "<group>";
		};
/* End PBXVariantGroup section */

/* Begin XCBuildConfiguration section */
		1AF47ADD253666DA0092CE1B /* Debug */ = {
			isa = XCBuildConfiguration;
			buildSettings = {
				ALWAYS_SEARCH_USER_PATHS = NO;
				CLANG_ANALYZER_NONNULL = YES;
				CLANG_ANALYZER_NUMBER_OBJECT_CONVERSION = YES_AGGRESSIVE;
				CLANG_CXX_LANGUAGE_STANDARD = "gnu++14";
				CLANG_CXX_LIBRARY = "libc++";
				CLANG_ENABLE_MODULES = YES;
				CLANG_ENABLE_OBJC_ARC = YES;
				CLANG_ENABLE_OBJC_WEAK = YES;
				CLANG_WARN_BLOCK_CAPTURE_AUTORELEASING = YES;
				CLANG_WARN_BOOL_CONVERSION = YES;
				CLANG_WARN_COMMA = YES;
				CLANG_WARN_CONSTANT_CONVERSION = YES;
				CLANG_WARN_DEPRECATED_OBJC_IMPLEMENTATIONS = YES;
				CLANG_WARN_DIRECT_OBJC_ISA_USAGE = YES_ERROR;
				CLANG_WARN_DOCUMENTATION_COMMENTS = YES;
				CLANG_WARN_EMPTY_BODY = YES;
				CLANG_WARN_ENUM_CONVERSION = YES;
				CLANG_WARN_INFINITE_RECURSION = YES;
				CLANG_WARN_INT_CONVERSION = YES;
				CLANG_WARN_NON_LITERAL_NULL_CONVERSION = YES;
				CLANG_WARN_OBJC_IMPLICIT_RETAIN_SELF = YES;
				CLANG_WARN_OBJC_LITERAL_CONVERSION = YES;
				CLANG_WARN_OBJC_ROOT_CLASS = YES_ERROR;
				CLANG_WARN_QUOTED_INCLUDE_IN_FRAMEWORK_HEADER = YES;
				CLANG_WARN_RANGE_LOOP_ANALYSIS = YES;
				CLANG_WARN_STRICT_PROTOTYPES = YES;
				CLANG_WARN_SUSPICIOUS_MOVE = YES;
				CLANG_WARN_UNGUARDED_AVAILABILITY = YES_AGGRESSIVE;
				CLANG_WARN_UNREACHABLE_CODE = YES;
				CLANG_WARN__DUPLICATE_METHOD_MATCH = YES;
				COPY_PHASE_STRIP = NO;
				DEBUG_INFORMATION_FORMAT = dwarf;
				ENABLE_STRICT_OBJC_MSGSEND = YES;
				ENABLE_TESTABILITY = YES;
				GCC_C_LANGUAGE_STANDARD = gnu11;
				GCC_DYNAMIC_NO_PIC = NO;
				GCC_NO_COMMON_BLOCKS = YES;
				GCC_OPTIMIZATION_LEVEL = 0;
				GCC_PREPROCESSOR_DEFINITIONS = (
					"DEBUG=1",
					"$(inherited)",
				);
				GCC_WARN_64_TO_32_BIT_CONVERSION = YES;
				GCC_WARN_ABOUT_RETURN_TYPE = YES_ERROR;
				GCC_WARN_UNDECLARED_SELECTOR = YES;
				GCC_WARN_UNINITIALIZED_AUTOS = YES_AGGRESSIVE;
				GCC_WARN_UNUSED_FUNCTION = YES;
				GCC_WARN_UNUSED_VARIABLE = YES;
				IPHONEOS_DEPLOYMENT_TARGET = 14.0;
				MTL_ENABLE_DEBUG_INFO = INCLUDE_SOURCE;
				MTL_FAST_MATH = YES;
				ONLY_ACTIVE_ARCH = YES;
				SDKROOT = iphoneos;
				SWIFT_ACTIVE_COMPILATION_CONDITIONS = DEBUG;
				SWIFT_OPTIMIZATION_LEVEL = "-Onone";
			};
			name = Debug;
		};
		1AF47ADE253666DA0092CE1B /* Release */ = {
			isa = XCBuildConfiguration;
			buildSettings = {
				ALWAYS_SEARCH_USER_PATHS = NO;
				CLANG_ANALYZER_NONNULL = YES;
				CLANG_ANALYZER_NUMBER_OBJECT_CONVERSION = YES_AGGRESSIVE;
				CLANG_CXX_LANGUAGE_STANDARD = "gnu++14";
				CLANG_CXX_LIBRARY = "libc++";
				CLANG_ENABLE_MODULES = YES;
				CLANG_ENABLE_OBJC_ARC = YES;
				CLANG_ENABLE_OBJC_WEAK = YES;
				CLANG_WARN_BLOCK_CAPTURE_AUTORELEASING = YES;
				CLANG_WARN_BOOL_CONVERSION = YES;
				CLANG_WARN_COMMA = YES;
				CLANG_WARN_CONSTANT_CONVERSION = YES;
				CLANG_WARN_DEPRECATED_OBJC_IMPLEMENTATIONS = YES;
				CLANG_WARN_DIRECT_OBJC_ISA_USAGE = YES_ERROR;
				CLANG_WARN_DOCUMENTATION_COMMENTS = YES;
				CLANG_WARN_EMPTY_BODY = YES;
				CLANG_WARN_ENUM_CONVERSION = YES;
				CLANG_WARN_INFINITE_RECURSION = YES;
				CLANG_WARN_INT_CONVERSION = YES;
				CLANG_WARN_NON_LITERAL_NULL_CONVERSION = YES;
				CLANG_WARN_OBJC_IMPLICIT_RETAIN_SELF = YES;
				CLANG_WARN_OBJC_LITERAL_CONVERSION = YES;
				CLANG_WARN_OBJC_ROOT_CLASS = YES_ERROR;
				CLANG_WARN_QUOTED_INCLUDE_IN_FRAMEWORK_HEADER = YES;
				CLANG_WARN_RANGE_LOOP_ANALYSIS = YES;
				CLANG_WARN_STRICT_PROTOTYPES = YES;
				CLANG_WARN_SUSPICIOUS_MOVE = YES;
				CLANG_WARN_UNGUARDED_AVAILABILITY = YES_AGGRESSIVE;
				CLANG_WARN_UNREACHABLE_CODE = YES;
				CLANG_WARN__DUPLICATE_METHOD_MATCH = YES;
				COPY_PHASE_STRIP = NO;
				DEBUG_INFORMATION_FORMAT = "dwarf-with-dsym";
				ENABLE_NS_ASSERTIONS = NO;
				ENABLE_STRICT_OBJC_MSGSEND = YES;
				GCC_C_LANGUAGE_STANDARD = gnu11;
				GCC_NO_COMMON_BLOCKS = YES;
				GCC_WARN_64_TO_32_BIT_CONVERSION = YES;
				GCC_WARN_ABOUT_RETURN_TYPE = YES_ERROR;
				GCC_WARN_UNDECLARED_SELECTOR = YES;
				GCC_WARN_UNINITIALIZED_AUTOS = YES_AGGRESSIVE;
				GCC_WARN_UNUSED_FUNCTION = YES;
				GCC_WARN_UNUSED_VARIABLE = YES;
				IPHONEOS_DEPLOYMENT_TARGET = 14.0;
				MTL_ENABLE_DEBUG_INFO = NO;
				MTL_FAST_MATH = YES;
				SDKROOT = iphoneos;
				SWIFT_COMPILATION_MODE = wholemodule;
				SWIFT_OPTIMIZATION_LEVEL = "-O";
				VALIDATE_PRODUCT = YES;
			};
			name = Release;
		};
		1AF47AE0253666DA0092CE1B /* Debug */ = {
			isa = XCBuildConfiguration;
			baseConfigurationReference = 2CC66262A03F9E3F9A513159 /* Pods-Mobilize.debug.xcconfig */;
			buildSettings = {
				ASSETCATALOG_COMPILER_APPICON_NAME = AppIcon;
				ASSETCATALOG_COMPILER_GLOBAL_ACCENT_COLOR_NAME = AccentColor;
				CODE_SIGN_ENTITLEMENTS = Mobilize/Mobilize.entitlements;
				CODE_SIGN_STYLE = Automatic;
				INFOPLIST_FILE = Mobilize/Info.plist;
				LD_RUNPATH_SEARCH_PATHS = (
					"$(inherited)",
					"@executable_path/Frameworks",
				);
				PRODUCT_BUNDLE_IDENTIFIER = Group6.Mobilize;
				PRODUCT_NAME = "$(TARGET_NAME)";
				SWIFT_VERSION = 5.0;
				TARGETED_DEVICE_FAMILY = "1,2";
			};
			name = Debug;
		};
		1AF47AE1253666DA0092CE1B /* Release */ = {
			isa = XCBuildConfiguration;
			baseConfigurationReference = 2F96F08B931D41834245C92F /* Pods-Mobilize.release.xcconfig */;
			buildSettings = {
				ASSETCATALOG_COMPILER_APPICON_NAME = AppIcon;
				ASSETCATALOG_COMPILER_GLOBAL_ACCENT_COLOR_NAME = AccentColor;
				CODE_SIGN_ENTITLEMENTS = Mobilize/Mobilize.entitlements;
				CODE_SIGN_STYLE = Automatic;
				INFOPLIST_FILE = Mobilize/Info.plist;
				LD_RUNPATH_SEARCH_PATHS = (
					"$(inherited)",
					"@executable_path/Frameworks",
				);
				PRODUCT_BUNDLE_IDENTIFIER = Group6.Mobilize;
				PRODUCT_NAME = "$(TARGET_NAME)";
				SWIFT_VERSION = 5.0;
				TARGETED_DEVICE_FAMILY = "1,2";
			};
			name = Release;
		};
/* End XCBuildConfiguration section */

/* Begin XCConfigurationList section */
		1AF47AC3253666DA0092CE1B /* Build configuration list for PBXProject "Mobilize" */ = {
			isa = XCConfigurationList;
			buildConfigurations = (
				1AF47ADD253666DA0092CE1B /* Debug */,
				1AF47ADE253666DA0092CE1B /* Release */,
			);
			defaultConfigurationIsVisible = 0;
			defaultConfigurationName = Release;
		};
		1AF47ADF253666DA0092CE1B /* Build configuration list for PBXNativeTarget "Mobilize" */ = {
			isa = XCConfigurationList;
			buildConfigurations = (
				1AF47AE0253666DA0092CE1B /* Debug */,
				1AF47AE1253666DA0092CE1B /* Release */,
			);
			defaultConfigurationIsVisible = 0;
			defaultConfigurationName = Release;
		};
/* End XCConfigurationList section */

/* Begin XCVersionGroup section */
		1AF47AD4253666DA0092CE1B /* Mobilize.xcdatamodeld */ = {
			isa = XCVersionGroup;
			children = (
				1AF47AD5253666DA0092CE1B /* Mobilize.xcdatamodel */,
			);
			currentVersion = 1AF47AD5253666DA0092CE1B /* Mobilize.xcdatamodel */;
			path = Mobilize.xcdatamodeld;
			sourceTree = "<group>";
			versionGroupType = wrapper.xcdatamodel;
		};
/* End XCVersionGroup section */
	};
	rootObject = 1AF47AC0253666DA0092CE1B /* Project object */;
}
