// !$*UTF8*$!
{
	archiveVersion = 1;
	classes = {
	};
	objectVersion = 51;
	objects = {

/* Begin PBXBuildFile section */
		1A6036E4254234A900E874D5 /* ControlContainableScrollview.swift in Sources */ = {isa = PBXBuildFile; fileRef = 1A6036E3254234A900E874D5 /* ControlContainableScrollview.swift */; };
		1A603726254286D600E874D5 /* ConfirmViewController.swift in Sources */ = {isa = PBXBuildFile; fileRef = 1A603725254286D600E874D5 /* ConfirmViewController.swift */; };
		1A60372925428D5100E874D5 /* QAandConfirmVC.swift in Sources */ = {isa = PBXBuildFile; fileRef = 1A60372825428D5100E874D5 /* QAandConfirmVC.swift */; };
		1A63C4B42570761A00E65868 /* GoogleService-Info.plist in Resources */ = {isa = PBXBuildFile; fileRef = 1A63C4B32570761A00E65868 /* GoogleService-Info.plist */; };
		1A91533B254A51A500370962 /* FilterViewController.swift in Sources */ = {isa = PBXBuildFile; fileRef = 1A91533A254A51A500370962 /* FilterViewController.swift */; };
		1A915341254E068D00370962 /* EventInfoViewController.swift in Sources */ = {isa = PBXBuildFile; fileRef = 1A915340254E068D00370962 /* EventInfoViewController.swift */; };
		1AF47ACC253666DA0092CE1B /* AppDelegate.swift in Sources */ = {isa = PBXBuildFile; fileRef = 1AF47ACB253666DA0092CE1B /* AppDelegate.swift */; };
		1AF47AD6253666DA0092CE1B /* Mobilize.xcdatamodeld in Sources */ = {isa = PBXBuildFile; fileRef = 1AF47AD4253666DA0092CE1B /* Mobilize.xcdatamodeld */; };
		1AF47AD8253666DA0092CE1B /* Assets.xcassets in Resources */ = {isa = PBXBuildFile; fileRef = 1AF47AD7253666DA0092CE1B /* Assets.xcassets */; };
		9334F52F2566E230004F5B53 /* SideMenuListController.swift in Sources */ = {isa = PBXBuildFile; fileRef = 9334F52E2566E230004F5B53 /* SideMenuListController.swift */; };
		934E6AFC253F8EA000DA9392 /* LoginViewController.swift in Sources */ = {isa = PBXBuildFile; fileRef = 934E6AFB253F8EA000DA9392 /* LoginViewController.swift */; };
		938CC6BC255DDCE200244304 /* LoginModel.swift in Sources */ = {isa = PBXBuildFile; fileRef = 938CC6BB255DDCE200244304 /* LoginModel.swift */; };
		938CC6C0255DDFC700244304 /* UploadPictureViewController.swift in Sources */ = {isa = PBXBuildFile; fileRef = 938CC6BF255DDFC700244304 /* UploadPictureViewController.swift */; };
		938CC6C4255DE10400244304 /* WelcomeViewController.swift in Sources */ = {isa = PBXBuildFile; fileRef = 938CC6C3255DE10400244304 /* WelcomeViewController.swift */; };
		93951BE1256D794D00053A74 /* GoogleService-Info.plist in Resources */ = {isa = PBXBuildFile; fileRef = 93951BE0256D794D00053A74 /* GoogleService-Info.plist */; };
		93CC665A254B36EE0075A9EE /* NotificationsViewController.swift in Sources */ = {isa = PBXBuildFile; fileRef = 93CC6659254B36ED0075A9EE /* NotificationsViewController.swift */; };
		93CC665D254B38A60075A9EE /* Settings.bundle in Resources */ = {isa = PBXBuildFile; fileRef = 93CC665C254B38A60075A9EE /* Settings.bundle */; };
		93CC6663254F9BC70075A9EE /* EventModel.swift in Sources */ = {isa = PBXBuildFile; fileRef = 93CC6662254F9BC70075A9EE /* EventModel.swift */; };
		93CC6667254F9BDF0075A9EE /* UserModel.swift in Sources */ = {isa = PBXBuildFile; fileRef = 93CC6666254F9BDF0075A9EE /* UserModel.swift */; };
		93E47C4A254912B7006D76BF /* Home.storyboard in Resources */ = {isa = PBXBuildFile; fileRef = 93E47C48254912B2006D76BF /* Home.storyboard */; };
		93E47C4C254912BC006D76BF /* LoginStory.storyboard in Resources */ = {isa = PBXBuildFile; fileRef = 93E47C49254912B4006D76BF /* LoginStory.storyboard */; };
		93E47C4F254912E1006D76BF /* FilterStory.storyboard in Resources */ = {isa = PBXBuildFile; fileRef = 93E47C4E254912DE006D76BF /* FilterStory.storyboard */; };
		93E47C6825491712006D76BF /* LaunchScreen.storyboard in Resources */ = {isa = PBXBuildFile; fileRef = 93E47C6725491704006D76BF /* LaunchScreen.storyboard */; };
		93E47C6E25491871006D76BF /* SettingsScreen.storyboard in Resources */ = {isa = PBXBuildFile; fileRef = 93E47C6B25491859006D76BF /* SettingsScreen.storyboard */; };
		93E47C7025491875006D76BF /* CreateEventStory.storyboard in Resources */ = {isa = PBXBuildFile; fileRef = 93E47C6D2549185F006D76BF /* CreateEventStory.storyboard */; };
		93E47C7125491879006D76BF /* ProfileStory.storyboard in Resources */ = {isa = PBXBuildFile; fileRef = 93E47C6C2549185D006D76BF /* ProfileStory.storyboard */; };
		93E47C7D254A0BE1006D76BF /* SearchViewController.swift in Sources */ = {isa = PBXBuildFile; fileRef = 93E47C7C254A0BE1006D76BF /* SearchViewController.swift */; };
		B9050AC025507C2F00272F63 /* EditProfileViewController.swift in Sources */ = {isa = PBXBuildFile; fileRef = B9050ABF25507C2F00272F63 /* EditProfileViewController.swift */; };
		B960A00D25411EFE00BC5559 /* SettingsProfileViewController.swift in Sources */ = {isa = PBXBuildFile; fileRef = B960A00C25411EFE00BC5559 /* SettingsProfileViewController.swift */; };
		B960A0162542079900BC5559 /* ProfileEventsViewController.swift in Sources */ = {isa = PBXBuildFile; fileRef = B960A0152542079900BC5559 /* ProfileEventsViewController.swift */; };
		B960A01C2542093700BC5559 /* SettingsViewController.swift in Sources */ = {isa = PBXBuildFile; fileRef = B960A01B2542093600BC5559 /* SettingsViewController.swift */; };
		BF47B03D5A51FD2ADD1E0002 /* Pods_Mobilize.framework in Frameworks */ = {isa = PBXBuildFile; fileRef = D16664B2B4F5523DAF4E7C5A /* Pods_Mobilize.framework */; };
		DB4DAC8725647CD3001C6126 /* EventImageViewController.swift in Sources */ = {isa = PBXBuildFile; fileRef = DB4DAC8625647CD3001C6126 /* EventImageViewController.swift */; };
		DB4DAC8D2564C11A001C6126 /* MosaicLayout.swift in Sources */ = {isa = PBXBuildFile; fileRef = DB4DAC8C2564C11A001C6126 /* MosaicLayout.swift */; };
		DB4DAC912564C1AE001C6126 /* Utilities.swift in Sources */ = {isa = PBXBuildFile; fileRef = DB4DAC902564C1AE001C6126 /* Utilities.swift */; };
		DB4DAC952564C213001C6126 /* MosaicCell.swift in Sources */ = {isa = PBXBuildFile; fileRef = DB4DAC942564C213001C6126 /* MosaicCell.swift */; };
		DB4DACDE2568A6FD001C6126 /* ClusterPin.storyboard in Resources */ = {isa = PBXBuildFile; fileRef = DB4DACDD2568A6FD001C6126 /* ClusterPin.storyboard */; };
		DB4DACE12568AA19001C6126 /* ClusterPinViewController.swift in Sources */ = {isa = PBXBuildFile; fileRef = DB4DACE02568AA19001C6126 /* ClusterPinViewController.swift */; };
		DB4DACE92569F46A001C6126 /* PendingQuestionsViewController.swift in Sources */ = {isa = PBXBuildFile; fileRef = DB4DACE82569F46A001C6126 /* PendingQuestionsViewController.swift */; };
		DB4DACEE256A2D13001C6126 /* ReportViewController.swift in Sources */ = {isa = PBXBuildFile; fileRef = DB4DACED256A2D12001C6126 /* ReportViewController.swift */; };
		DB4DACF3256A3FB4001C6126 /* ImagePreviewViewController.swift in Sources */ = {isa = PBXBuildFile; fileRef = DB4DACF2256A3FB4001C6126 /* ImagePreviewViewController.swift */; };
		DB51BE1125527B22007C65F6 /* AddMediaViewController.swift in Sources */ = {isa = PBXBuildFile; fileRef = DB51BE1025527B22007C65F6 /* AddMediaViewController.swift */; };
		DB51BE1525527B7D007C65F6 /* EventDetailsViewController.swift in Sources */ = {isa = PBXBuildFile; fileRef = DB51BE1425527B7D007C65F6 /* EventDetailsViewController.swift */; };
		DB51BE322554B862007C65F6 /* Annotations.swift in Sources */ = {isa = PBXBuildFile; fileRef = DB51BE312554B862007C65F6 /* Annotations.swift */; };
		DBB17774254A52B800E2AFAA /* ProfileViewController.swift in Sources */ = {isa = PBXBuildFile; fileRef = DBB17773254A52B800E2AFAA /* ProfileViewController.swift */; };
		DBB17776254A52C700E2AFAA /* HomeViewController.swift in Sources */ = {isa = PBXBuildFile; fileRef = DBB17775254A52C700E2AFAA /* HomeViewController.swift */; };
		DBB17778254A52D900E2AFAA /* EventStory.storyboard in Resources */ = {isa = PBXBuildFile; fileRef = DBB17777254A52D900E2AFAA /* EventStory.storyboard */; };
		DBB830AC253E958400F2B48E /* CreateProfileViewController.swift in Sources */ = {isa = PBXBuildFile; fileRef = DBB830AB253E958400F2B48E /* CreateProfileViewController.swift */; };
/* End PBXBuildFile section */

/* Begin PBXFileReference section */
		1A6036E3254234A900E874D5 /* ControlContainableScrollview.swift */ = {isa = PBXFileReference; lastKnownFileType = sourcecode.swift; path = ControlContainableScrollview.swift; sourceTree = "<group>"; };
		1A603725254286D600E874D5 /* ConfirmViewController.swift */ = {isa = PBXFileReference; fileEncoding = 4; lastKnownFileType = sourcecode.swift; path = ConfirmViewController.swift; sourceTree = "<group>"; };
		1A60372825428D5100E874D5 /* QAandConfirmVC.swift */ = {isa = PBXFileReference; lastKnownFileType = sourcecode.swift; path = QAandConfirmVC.swift; sourceTree = "<group>"; };
		1A63C4B32570761A00E65868 /* GoogleService-Info.plist */ = {isa = PBXFileReference; fileEncoding = 4; lastKnownFileType = text.plist.xml; path = "GoogleService-Info.plist"; sourceTree = "<group>"; };
		1A91533A254A51A500370962 /* FilterViewController.swift */ = {isa = PBXFileReference; lastKnownFileType = sourcecode.swift; path = FilterViewController.swift; sourceTree = "<group>"; };
		1A915340254E068D00370962 /* EventInfoViewController.swift */ = {isa = PBXFileReference; lastKnownFileType = sourcecode.swift; path = EventInfoViewController.swift; sourceTree = "<group>"; };
		1AF47AC8253666DA0092CE1B /* Mobilize.app */ = {isa = PBXFileReference; explicitFileType = wrapper.application; includeInIndex = 0; path = Mobilize.app; sourceTree = BUILT_PRODUCTS_DIR; };
		1AF47ACB253666DA0092CE1B /* AppDelegate.swift */ = {isa = PBXFileReference; lastKnownFileType = sourcecode.swift; path = AppDelegate.swift; sourceTree = "<group>"; };
		1AF47AD5253666DA0092CE1B /* Mobilize.xcdatamodel */ = {isa = PBXFileReference; lastKnownFileType = wrapper.xcdatamodel; path = Mobilize.xcdatamodel; sourceTree = "<group>"; };
		1AF47AD7253666DA0092CE1B /* Assets.xcassets */ = {isa = PBXFileReference; lastKnownFileType = folder.assetcatalog; path = Assets.xcassets; sourceTree = "<group>"; };
		1AF47ADC253666DA0092CE1B /* Info.plist */ = {isa = PBXFileReference; lastKnownFileType = text.plist.xml; path = Info.plist; sourceTree = "<group>"; };
		2CC66262A03F9E3F9A513159 /* Pods-Mobilize.debug.xcconfig */ = {isa = PBXFileReference; includeInIndex = 1; lastKnownFileType = text.xcconfig; name = "Pods-Mobilize.debug.xcconfig"; path = "Target Support Files/Pods-Mobilize/Pods-Mobilize.debug.xcconfig"; sourceTree = "<group>"; };
		2F96F08B931D41834245C92F /* Pods-Mobilize.release.xcconfig */ = {isa = PBXFileReference; includeInIndex = 1; lastKnownFileType = text.xcconfig; name = "Pods-Mobilize.release.xcconfig"; path = "Target Support Files/Pods-Mobilize/Pods-Mobilize.release.xcconfig"; sourceTree = "<group>"; };
		9334F52E2566E230004F5B53 /* SideMenuListController.swift */ = {isa = PBXFileReference; lastKnownFileType = sourcecode.swift; path = SideMenuListController.swift; sourceTree = "<group>"; };
		934E6AFB253F8EA000DA9392 /* LoginViewController.swift */ = {isa = PBXFileReference; fileEncoding = 4; lastKnownFileType = sourcecode.swift; path = LoginViewController.swift; sourceTree = "<group>"; };
		938CC6BB255DDCE200244304 /* LoginModel.swift */ = {isa = PBXFileReference; lastKnownFileType = sourcecode.swift; path = LoginModel.swift; sourceTree = "<group>"; };
		938CC6BF255DDFC700244304 /* UploadPictureViewController.swift */ = {isa = PBXFileReference; lastKnownFileType = sourcecode.swift; path = UploadPictureViewController.swift; sourceTree = "<group>"; };
		938CC6C3255DE10400244304 /* WelcomeViewController.swift */ = {isa = PBXFileReference; lastKnownFileType = sourcecode.swift; path = WelcomeViewController.swift; sourceTree = "<group>"; };
		93951BE0256D794D00053A74 /* GoogleService-Info.plist */ = {isa = PBXFileReference; fileEncoding = 4; lastKnownFileType = text.plist.xml; path = "GoogleService-Info.plist"; sourceTree = "<group>"; };
		93CC6659254B36ED0075A9EE /* NotificationsViewController.swift */ = {isa = PBXFileReference; lastKnownFileType = sourcecode.swift; path = NotificationsViewController.swift; sourceTree = "<group>"; };
		93CC665C254B38A60075A9EE /* Settings.bundle */ = {isa = PBXFileReference; lastKnownFileType = "wrapper.plug-in"; path = Settings.bundle; sourceTree = "<group>"; };
		93CC6662254F9BC70075A9EE /* EventModel.swift */ = {isa = PBXFileReference; lastKnownFileType = sourcecode.swift; path = EventModel.swift; sourceTree = "<group>"; };
		93CC6666254F9BDF0075A9EE /* UserModel.swift */ = {isa = PBXFileReference; lastKnownFileType = sourcecode.swift; path = UserModel.swift; sourceTree = "<group>"; };
		93E47C48254912B2006D76BF /* Home.storyboard */ = {isa = PBXFileReference; lastKnownFileType = file.storyboard; path = Home.storyboard; sourceTree = "<group>"; };
		93E47C49254912B4006D76BF /* LoginStory.storyboard */ = {isa = PBXFileReference; lastKnownFileType = file.storyboard; path = LoginStory.storyboard; sourceTree = "<group>"; };
		93E47C4E254912DE006D76BF /* FilterStory.storyboard */ = {isa = PBXFileReference; lastKnownFileType = file.storyboard; path = FilterStory.storyboard; sourceTree = "<group>"; };
		93E47C6725491704006D76BF /* LaunchScreen.storyboard */ = {isa = PBXFileReference; lastKnownFileType = file.storyboard; path = LaunchScreen.storyboard; sourceTree = "<group>"; };
		93E47C6B25491859006D76BF /* SettingsScreen.storyboard */ = {isa = PBXFileReference; lastKnownFileType = file.storyboard; path = SettingsScreen.storyboard; sourceTree = "<group>"; };
		93E47C6C2549185D006D76BF /* ProfileStory.storyboard */ = {isa = PBXFileReference; lastKnownFileType = file.storyboard; path = ProfileStory.storyboard; sourceTree = "<group>"; };
		93E47C6D2549185F006D76BF /* CreateEventStory.storyboard */ = {isa = PBXFileReference; lastKnownFileType = file.storyboard; path = CreateEventStory.storyboard; sourceTree = "<group>"; };
		93E47C7C254A0BE1006D76BF /* SearchViewController.swift */ = {isa = PBXFileReference; lastKnownFileType = sourcecode.swift; path = SearchViewController.swift; sourceTree = "<group>"; };
		B9050ABF25507C2F00272F63 /* EditProfileViewController.swift */ = {isa = PBXFileReference; lastKnownFileType = sourcecode.swift; path = EditProfileViewController.swift; sourceTree = "<group>"; };
		B960A00C25411EFE00BC5559 /* SettingsProfileViewController.swift */ = {isa = PBXFileReference; lastKnownFileType = sourcecode.swift; path = SettingsProfileViewController.swift; sourceTree = "<group>"; };
		B960A0152542079900BC5559 /* ProfileEventsViewController.swift */ = {isa = PBXFileReference; lastKnownFileType = sourcecode.swift; path = ProfileEventsViewController.swift; sourceTree = "<group>"; };
		B960A01B2542093600BC5559 /* SettingsViewController.swift */ = {isa = PBXFileReference; lastKnownFileType = sourcecode.swift; path = SettingsViewController.swift; sourceTree = "<group>"; };
		D16664B2B4F5523DAF4E7C5A /* Pods_Mobilize.framework */ = {isa = PBXFileReference; explicitFileType = wrapper.framework; includeInIndex = 0; path = Pods_Mobilize.framework; sourceTree = BUILT_PRODUCTS_DIR; };
		DB4DAC8625647CD3001C6126 /* EventImageViewController.swift */ = {isa = PBXFileReference; lastKnownFileType = sourcecode.swift; path = EventImageViewController.swift; sourceTree = "<group>"; };
		DB4DAC8C2564C11A001C6126 /* MosaicLayout.swift */ = {isa = PBXFileReference; lastKnownFileType = sourcecode.swift; path = MosaicLayout.swift; sourceTree = "<group>"; };
		DB4DAC902564C1AE001C6126 /* Utilities.swift */ = {isa = PBXFileReference; lastKnownFileType = sourcecode.swift; path = Utilities.swift; sourceTree = "<group>"; };
		DB4DAC942564C213001C6126 /* MosaicCell.swift */ = {isa = PBXFileReference; lastKnownFileType = sourcecode.swift; path = MosaicCell.swift; sourceTree = "<group>"; };
		DB4DACDD2568A6FD001C6126 /* ClusterPin.storyboard */ = {isa = PBXFileReference; lastKnownFileType = file.storyboard; path = ClusterPin.storyboard; sourceTree = "<group>"; };
		DB4DACE02568AA19001C6126 /* ClusterPinViewController.swift */ = {isa = PBXFileReference; lastKnownFileType = sourcecode.swift; path = ClusterPinViewController.swift; sourceTree = "<group>"; };
		DB4DACE82569F46A001C6126 /* PendingQuestionsViewController.swift */ = {isa = PBXFileReference; lastKnownFileType = sourcecode.swift; path = PendingQuestionsViewController.swift; sourceTree = "<group>"; };
		DB4DACED256A2D12001C6126 /* ReportViewController.swift */ = {isa = PBXFileReference; lastKnownFileType = sourcecode.swift; path = ReportViewController.swift; sourceTree = "<group>"; };
		DB4DACF2256A3FB4001C6126 /* ImagePreviewViewController.swift */ = {isa = PBXFileReference; lastKnownFileType = sourcecode.swift; path = ImagePreviewViewController.swift; sourceTree = "<group>"; };
		DB51BE1025527B22007C65F6 /* AddMediaViewController.swift */ = {isa = PBXFileReference; fileEncoding = 4; lastKnownFileType = sourcecode.swift; path = AddMediaViewController.swift; sourceTree = "<group>"; };
		DB51BE1425527B7D007C65F6 /* EventDetailsViewController.swift */ = {isa = PBXFileReference; fileEncoding = 4; lastKnownFileType = sourcecode.swift; path = EventDetailsViewController.swift; sourceTree = "<group>"; };
		DB51BE312554B862007C65F6 /* Annotations.swift */ = {isa = PBXFileReference; lastKnownFileType = sourcecode.swift; path = Annotations.swift; sourceTree = "<group>"; };
		DBB17773254A52B800E2AFAA /* ProfileViewController.swift */ = {isa = PBXFileReference; fileEncoding = 4; lastKnownFileType = sourcecode.swift; path = ProfileViewController.swift; sourceTree = "<group>"; };
		DBB17775254A52C700E2AFAA /* HomeViewController.swift */ = {isa = PBXFileReference; fileEncoding = 4; lastKnownFileType = sourcecode.swift; path = HomeViewController.swift; sourceTree = "<group>"; };
		DBB17777254A52D900E2AFAA /* EventStory.storyboard */ = {isa = PBXFileReference; fileEncoding = 4; lastKnownFileType = file.storyboard; path = EventStory.storyboard; sourceTree = "<group>"; };
		DBB830A3253E7A6B00F2B48E /* Mobilize.entitlements */ = {isa = PBXFileReference; lastKnownFileType = text.plist.entitlements; path = Mobilize.entitlements; sourceTree = "<group>"; };
		DBB830AB253E958400F2B48E /* CreateProfileViewController.swift */ = {isa = PBXFileReference; fileEncoding = 4; lastKnownFileType = sourcecode.swift; path = CreateProfileViewController.swift; sourceTree = "<group>"; };
/* End PBXFileReference section */

/* Begin PBXFrameworksBuildPhase section */
		1AF47AC5253666DA0092CE1B /* Frameworks */ = {
			isa = PBXFrameworksBuildPhase;
			buildActionMask = 2147483647;
			files = (
				BF47B03D5A51FD2ADD1E0002 /* Pods_Mobilize.framework in Frameworks */,
			);
			runOnlyForDeploymentPostprocessing = 0;
		};
/* End PBXFrameworksBuildPhase section */

/* Begin PBXGroup section */
		1A6036E22542347800E874D5 /* UIClasses */ = {
			isa = PBXGroup;
			children = (
				1A6036E3254234A900E874D5 /* ControlContainableScrollview.swift */,
			);
			path = UIClasses;
			sourceTree = "<group>";
		};
		1A60371A2542845000E874D5 /* CreateEvent */ = {
			isa = PBXGroup;
			children = (
				DB51BE1025527B22007C65F6 /* AddMediaViewController.swift */,
				1A60372825428D5100E874D5 /* QAandConfirmVC.swift */,
				1A603725254286D600E874D5 /* ConfirmViewController.swift */,
				1A915340254E068D00370962 /* EventInfoViewController.swift */,
			);
			path = CreateEvent;
			sourceTree = "<group>";
		};
		1AF47ABF253666DA0092CE1B = {
			isa = PBXGroup;
			children = (
				93CC665C254B38A60075A9EE /* Settings.bundle */,
				1AF47ACA253666DA0092CE1B /* Mobilize */,
				1AF47AC9253666DA0092CE1B /* Products */,
				EF9DB5F19464E68D396D8FBE /* Pods */,
				736F0C6B59539A783FD7388A /* Frameworks */,
			);
			sourceTree = "<group>";
		};
		1AF47AC9253666DA0092CE1B /* Products */ = {
			isa = PBXGroup;
			children = (
				1AF47AC8253666DA0092CE1B /* Mobilize.app */,
			);
			name = Products;
			sourceTree = "<group>";
		};
		1AF47ACA253666DA0092CE1B /* Mobilize */ = {
			isa = PBXGroup;
			children = (
				DB4DAC932564C1F6001C6126 /* Cells */,
				DB4DAC8F2564C17B001C6126 /* Utilities */,
				DB4DAC8B2564C0D5001C6126 /* Layouts */,
				93CC6661254F9BAD0075A9EE /* Models */,
				1A6036E22542347800E874D5 /* UIClasses */,
				1AF4962A253903DA00CABA30 /* Controllers */,
				1AF47ACB253666DA0092CE1B /* AppDelegate.swift */,
				DBB830A3253E7A6B00F2B48E /* Mobilize.entitlements */,
				DBB17777254A52D900E2AFAA /* EventStory.storyboard */,
				93E47C6D2549185F006D76BF /* CreateEventStory.storyboard */,
				93E47C6B25491859006D76BF /* SettingsScreen.storyboard */,
				93E47C6725491704006D76BF /* LaunchScreen.storyboard */,
				93E47C6C2549185D006D76BF /* ProfileStory.storyboard */,
				93E47C48254912B2006D76BF /* Home.storyboard */,
				DB4DACDD2568A6FD001C6126 /* ClusterPin.storyboard */,
				93E47C4E254912DE006D76BF /* FilterStory.storyboard */,
				93E47C49254912B4006D76BF /* LoginStory.storyboard */,
				1AF47AD7253666DA0092CE1B /* Assets.xcassets */,
				1A63C4B32570761A00E65868 /* GoogleService-Info.plist */,
				1AF47ADC253666DA0092CE1B /* Info.plist */,
				1AF47AD4253666DA0092CE1B /* Mobilize.xcdatamodeld */,
				93951BE0256D794D00053A74 /* GoogleService-Info.plist */,
			);
			path = Mobilize;
			sourceTree = "<group>";
		};
		1AF4962A253903DA00CABA30 /* Controllers */ = {
			isa = PBXGroup;
			children = (
				DB51BE1325527B7D007C65F6 /* Event */,
				93E47C7A254A0B23006D76BF /* Settings */,
				93E47C79254A0B0A006D76BF /* Home */,
				1A60371A2542845000E874D5 /* CreateEvent */,
				B960A0142542076900BC5559 /* Profile */,
				DBB830A8253E93FE00F2B48E /* Login */,
			);
			path = Controllers;
			sourceTree = "<group>";
		};
		736F0C6B59539A783FD7388A /* Frameworks */ = {
			isa = PBXGroup;
			children = (
				D16664B2B4F5523DAF4E7C5A /* Pods_Mobilize.framework */,
			);
			name = Frameworks;
			sourceTree = "<group>";
		};
		93CC6661254F9BAD0075A9EE /* Models */ = {
			isa = PBXGroup;
			children = (
				93CC6662254F9BC70075A9EE /* EventModel.swift */,
				93CC6666254F9BDF0075A9EE /* UserModel.swift */,
				938CC6BB255DDCE200244304 /* LoginModel.swift */,
				DB51BE312554B862007C65F6 /* Annotations.swift */,
			);
			path = Models;
			sourceTree = "<group>";
		};
		93E47C79254A0B0A006D76BF /* Home */ = {
			isa = PBXGroup;
			children = (
				DBB17775254A52C700E2AFAA /* HomeViewController.swift */,
				93E47C7C254A0BE1006D76BF /* SearchViewController.swift */,
				1A91533A254A51A500370962 /* FilterViewController.swift */,
				DB4DACE02568AA19001C6126 /* ClusterPinViewController.swift */,
				9334F52E2566E230004F5B53 /* SideMenuListController.swift */,
			);
			path = Home;
			sourceTree = "<group>";
		};
		93E47C7A254A0B23006D76BF /* Settings */ = {
			isa = PBXGroup;
			children = (
				B960A00C25411EFE00BC5559 /* SettingsProfileViewController.swift */,
				B960A01B2542093600BC5559 /* SettingsViewController.swift */,
				93CC6659254B36ED0075A9EE /* NotificationsViewController.swift */,
				B9050ABF25507C2F00272F63 /* EditProfileViewController.swift */,
			);
			path = Settings;
			sourceTree = "<group>";
		};
		B960A0142542076900BC5559 /* Profile */ = {
			isa = PBXGroup;
			children = (
				B960A0152542079900BC5559 /* ProfileEventsViewController.swift */,
				DB4DACE82569F46A001C6126 /* PendingQuestionsViewController.swift */,
				DBB17773254A52B800E2AFAA /* ProfileViewController.swift */,
			);
			path = Profile;
			sourceTree = "<group>";
		};
		DB4DAC8B2564C0D5001C6126 /* Layouts */ = {
			isa = PBXGroup;
			children = (
				DB4DAC8C2564C11A001C6126 /* MosaicLayout.swift */,
			);
			path = Layouts;
			sourceTree = "<group>";
		};
		DB4DAC8F2564C17B001C6126 /* Utilities */ = {
			isa = PBXGroup;
			children = (
				DB4DAC902564C1AE001C6126 /* Utilities.swift */,
			);
			path = Utilities;
			sourceTree = "<group>";
		};
		DB4DAC932564C1F6001C6126 /* Cells */ = {
			isa = PBXGroup;
			children = (
				DB4DAC942564C213001C6126 /* MosaicCell.swift */,
			);
			path = Cells;
			sourceTree = "<group>";
		};
		DB51BE1325527B7D007C65F6 /* Event */ = {
			isa = PBXGroup;
			children = (
				DB51BE1425527B7D007C65F6 /* EventDetailsViewController.swift */,
				DB4DAC8625647CD3001C6126 /* EventImageViewController.swift */,
				DB4DACED256A2D12001C6126 /* ReportViewController.swift */,
				DB4DACF2256A3FB4001C6126 /* ImagePreviewViewController.swift */,
			);
			path = Event;
			sourceTree = "<group>";
		};
		DBB830A8253E93FE00F2B48E /* Login */ = {
			isa = PBXGroup;
			children = (
				934E6AFB253F8EA000DA9392 /* LoginViewController.swift */,
				DBB830AB253E958400F2B48E /* CreateProfileViewController.swift */,
				938CC6BF255DDFC700244304 /* UploadPictureViewController.swift */,
				938CC6C3255DE10400244304 /* WelcomeViewController.swift */,
			);
			path = Login;
			sourceTree = "<group>";
		};
		EF9DB5F19464E68D396D8FBE /* Pods */ = {
			isa = PBXGroup;
			children = (
				2CC66262A03F9E3F9A513159 /* Pods-Mobilize.debug.xcconfig */,
				2F96F08B931D41834245C92F /* Pods-Mobilize.release.xcconfig */,
			);
			path = Pods;
			sourceTree = "<group>";
		};
/* End PBXGroup section */

/* Begin PBXNativeTarget section */
		1AF47AC7253666DA0092CE1B /* Mobilize */ = {
			isa = PBXNativeTarget;
			buildConfigurationList = 1AF47ADF253666DA0092CE1B /* Build configuration list for PBXNativeTarget "Mobilize" */;
			buildPhases = (
				052509CF7EFCF468C237315A /* [CP] Check Pods Manifest.lock */,
				1AF47AC4253666DA0092CE1B /* Sources */,
				1AF47AC5253666DA0092CE1B /* Frameworks */,
				1AF47AC6253666DA0092CE1B /* Resources */,
				13BE317E8EA8DBBD7F34AC7B /* [CP] Embed Pods Frameworks */,
			);
			buildRules = (
			);
			dependencies = (
			);
			name = Mobilize;
			productName = Mobilize;
			productReference = 1AF47AC8253666DA0092CE1B /* Mobilize.app */;
			productType = "com.apple.product-type.application";
		};
/* End PBXNativeTarget section */

/* Begin PBXProject section */
		1AF47AC0253666DA0092CE1B /* Project object */ = {
			isa = PBXProject;
			attributes = {
				LastSwiftUpdateCheck = 1200;
				LastUpgradeCheck = 1200;
				TargetAttributes = {
					1AF47AC7253666DA0092CE1B = {
						CreatedOnToolsVersion = 12.0.1;
					};
				};
			};
			buildConfigurationList = 1AF47AC3253666DA0092CE1B /* Build configuration list for PBXProject "Mobilize" */;
			compatibilityVersion = "Xcode 9.3";
			developmentRegion = en;
			hasScannedForEncodings = 0;
			knownRegions = (
				en,
				Base,
			);
			mainGroup = 1AF47ABF253666DA0092CE1B;
			productRefGroup = 1AF47AC9253666DA0092CE1B /* Products */;
			projectDirPath = "";
			projectRoot = "";
			targets = (
				1AF47AC7253666DA0092CE1B /* Mobilize */,
			);
		};
/* End PBXProject section */

/* Begin PBXResourcesBuildPhase section */
		1AF47AC6253666DA0092CE1B /* Resources */ = {
			isa = PBXResourcesBuildPhase;
			buildActionMask = 2147483647;
			files = (
				1A63C4B42570761A00E65868 /* GoogleService-Info.plist in Resources */,
				93E47C4C254912BC006D76BF /* LoginStory.storyboard in Resources */,
				93E47C6E25491871006D76BF /* SettingsScreen.storyboard in Resources */,
				93CC665D254B38A60075A9EE /* Settings.bundle in Resources */,
				DB4DACDE2568A6FD001C6126 /* ClusterPin.storyboard in Resources */,
				1AF47AD8253666DA0092CE1B /* Assets.xcassets in Resources */,
				DBB17778254A52D900E2AFAA /* EventStory.storyboard in Resources */,
				93E47C4F254912E1006D76BF /* FilterStory.storyboard in Resources */,
				93951BE1256D794D00053A74 /* GoogleService-Info.plist in Resources */,
				93E47C7125491879006D76BF /* ProfileStory.storyboard in Resources */,
				93E47C6825491712006D76BF /* LaunchScreen.storyboard in Resources */,
				93E47C4A254912B7006D76BF /* Home.storyboard in Resources */,
				93E47C7025491875006D76BF /* CreateEventStory.storyboard in Resources */,
			);
			runOnlyForDeploymentPostprocessing = 0;
		};
/* End PBXResourcesBuildPhase section */

/* Begin PBXShellScriptBuildPhase section */
		052509CF7EFCF468C237315A /* [CP] Check Pods Manifest.lock */ = {
			isa = PBXShellScriptBuildPhase;
			buildActionMask = 2147483647;
			files = (
			);
			inputFileListPaths = (
			);
			inputPaths = (
				"${PODS_PODFILE_DIR_PATH}/Podfile.lock",
				"${PODS_ROOT}/Manifest.lock",
			);
			name = "[CP] Check Pods Manifest.lock";
			outputFileListPaths = (
			);
			outputPaths = (
				"$(DERIVED_FILE_DIR)/Pods-Mobilize-checkManifestLockResult.txt",
			);
			runOnlyForDeploymentPostprocessing = 0;
			shellPath = /bin/sh;
			shellScript = "diff \"${PODS_PODFILE_DIR_PATH}/Podfile.lock\" \"${PODS_ROOT}/Manifest.lock\" > /dev/null\nif [ $? != 0 ] ; then\n    # print error to STDERR\n    echo \"error: The sandbox is not in sync with the Podfile.lock. Run 'pod install' or update your CocoaPods installation.\" >&2\n    exit 1\nfi\n# This output is used by Xcode 'outputs' to avoid re-running this script phase.\necho \"SUCCESS\" > \"${SCRIPT_OUTPUT_FILE_0}\"\n";
			showEnvVarsInLog = 0;
		};
		13BE317E8EA8DBBD7F34AC7B /* [CP] Embed Pods Frameworks */ = {
			isa = PBXShellScriptBuildPhase;
			buildActionMask = 2147483647;
			files = (
			);
			inputFileListPaths = (
				"${PODS_ROOT}/Target Support Files/Pods-Mobilize/Pods-Mobilize-frameworks-${CONFIGURATION}-input-files.xcfilelist",
			);
			name = "[CP] Embed Pods Frameworks";
			outputFileListPaths = (
				"${PODS_ROOT}/Target Support Files/Pods-Mobilize/Pods-Mobilize-frameworks-${CONFIGURATION}-output-files.xcfilelist",
			);
			runOnlyForDeploymentPostprocessing = 0;
			shellPath = /bin/sh;
			shellScript = "\"${PODS_ROOT}/Target Support Files/Pods-Mobilize/Pods-Mobilize-frameworks.sh\"\n";
			showEnvVarsInLog = 0;
		};
/* End PBXShellScriptBuildPhase section */

/* Begin PBXSourcesBuildPhase section */
		1AF47AC4253666DA0092CE1B /* Sources */ = {
			isa = PBXSourcesBuildPhase;
			buildActionMask = 2147483647;
			files = (
				938CC6C4255DE10400244304 /* WelcomeViewController.swift in Sources */,
				DB4DACE12568AA19001C6126 /* ClusterPinViewController.swift in Sources */,
				1A91533B254A51A500370962 /* FilterViewController.swift in Sources */,
				DB4DACE92569F46A001C6126 /* PendingQuestionsViewController.swift in Sources */,
				1AF47AD6253666DA0092CE1B /* Mobilize.xcdatamodeld in Sources */,
				DB4DAC952564C213001C6126 /* MosaicCell.swift in Sources */,
				938CC6C0255DDFC700244304 /* UploadPictureViewController.swift in Sources */,
				DB4DAC8D2564C11A001C6126 /* MosaicLayout.swift in Sources */,
				B960A01C2542093700BC5559 /* SettingsViewController.swift in Sources */,
				DB4DACF3256A3FB4001C6126 /* ImagePreviewViewController.swift in Sources */,
				DB4DAC8725647CD3001C6126 /* EventImageViewController.swift in Sources */,
				9334F52F2566E230004F5B53 /* SideMenuListController.swift in Sources */,
				1AF47ACC253666DA0092CE1B /* AppDelegate.swift in Sources */,
				DB51BE322554B862007C65F6 /* Annotations.swift in Sources */,
				1A6036E4254234A900E874D5 /* ControlContainableScrollview.swift in Sources */,
				DBB17776254A52C700E2AFAA /* HomeViewController.swift in Sources */,
				1A915341254E068D00370962 /* EventInfoViewController.swift in Sources */,
				1A603726254286D600E874D5 /* ConfirmViewController.swift in Sources */,
				938CC6BC255DDCE200244304 /* LoginModel.swift in Sources */,
				93CC665A254B36EE0075A9EE /* NotificationsViewController.swift in Sources */,
				934E6AFC253F8EA000DA9392 /* LoginViewController.swift in Sources */,
				B9050AC025507C2F00272F63 /* EditProfileViewController.swift in Sources */,
				DB4DAC912564C1AE001C6126 /* Utilities.swift in Sources */,
				93CC6667254F9BDF0075A9EE /* UserModel.swift in Sources */,
				1A60372925428D5100E874D5 /* QAandConfirmVC.swift in Sources */,
				DB4DACEE256A2D13001C6126 /* ReportViewController.swift in Sources */,
				93E47C7D254A0BE1006D76BF /* SearchViewController.swift in Sources */,
				B960A0162542079900BC5559 /* ProfileEventsViewController.swift in Sources */,
				DB51BE1125527B22007C65F6 /* AddMediaViewController.swift in Sources */,
				DBB17774254A52B800E2AFAA /* ProfileViewController.swift in Sources */,
				DB51BE1525527B7D007C65F6 /* EventDetailsViewController.swift in Sources */,
				DBB830AC253E958400F2B48E /* CreateProfileViewController.swift in Sources */,
				93CC6663254F9BC70075A9EE /* EventModel.swift in Sources */,
				B960A00D25411EFE00BC5559 /* SettingsProfileViewController.swift in Sources */,
			);
			runOnlyForDeploymentPostprocessing = 0;
		};
/* End PBXSourcesBuildPhase section */

/* Begin XCBuildConfiguration section */
		1AF47ADD253666DA0092CE1B /* Debug */ = {
			isa = XCBuildConfiguration;
			buildSettings = {
				ALWAYS_SEARCH_USER_PATHS = NO;
				CLANG_ANALYZER_NONNULL = YES;
				CLANG_ANALYZER_NUMBER_OBJECT_CONVERSION = YES_AGGRESSIVE;
				CLANG_CXX_LANGUAGE_STANDARD = "gnu++14";
				CLANG_CXX_LIBRARY = "libc++";
				CLANG_ENABLE_MODULES = YES;
				CLANG_ENABLE_OBJC_ARC = YES;
				CLANG_ENABLE_OBJC_WEAK = YES;
				CLANG_WARN_BLOCK_CAPTURE_AUTORELEASING = YES;
				CLANG_WARN_BOOL_CONVERSION = YES;
				CLANG_WARN_COMMA = YES;
				CLANG_WARN_CONSTANT_CONVERSION = YES;
				CLANG_WARN_DEPRECATED_OBJC_IMPLEMENTATIONS = YES;
				CLANG_WARN_DIRECT_OBJC_ISA_USAGE = YES_ERROR;
				CLANG_WARN_DOCUMENTATION_COMMENTS = YES;
				CLANG_WARN_EMPTY_BODY = YES;
				CLANG_WARN_ENUM_CONVERSION = YES;
				CLANG_WARN_INFINITE_RECURSION = YES;
				CLANG_WARN_INT_CONVERSION = YES;
				CLANG_WARN_NON_LITERAL_NULL_CONVERSION = YES;
				CLANG_WARN_OBJC_IMPLICIT_RETAIN_SELF = YES;
				CLANG_WARN_OBJC_LITERAL_CONVERSION = YES;
				CLANG_WARN_OBJC_ROOT_CLASS = YES_ERROR;
				CLANG_WARN_QUOTED_INCLUDE_IN_FRAMEWORK_HEADER = YES;
				CLANG_WARN_RANGE_LOOP_ANALYSIS = YES;
				CLANG_WARN_STRICT_PROTOTYPES = YES;
				CLANG_WARN_SUSPICIOUS_MOVE = YES;
				CLANG_WARN_UNGUARDED_AVAILABILITY = YES_AGGRESSIVE;
				CLANG_WARN_UNREACHABLE_CODE = YES;
				CLANG_WARN__DUPLICATE_METHOD_MATCH = YES;
				COPY_PHASE_STRIP = NO;
				DEBUG_INFORMATION_FORMAT = dwarf;
				ENABLE_STRICT_OBJC_MSGSEND = YES;
				ENABLE_TESTABILITY = YES;
				GCC_C_LANGUAGE_STANDARD = gnu11;
				GCC_DYNAMIC_NO_PIC = NO;
				GCC_NO_COMMON_BLOCKS = YES;
				GCC_OPTIMIZATION_LEVEL = 0;
				GCC_PREPROCESSOR_DEFINITIONS = (
					"DEBUG=1",
					"$(inherited)",
				);
				GCC_WARN_64_TO_32_BIT_CONVERSION = YES;
				GCC_WARN_ABOUT_RETURN_TYPE = YES_ERROR;
				GCC_WARN_UNDECLARED_SELECTOR = YES;
				GCC_WARN_UNINITIALIZED_AUTOS = YES_AGGRESSIVE;
				GCC_WARN_UNUSED_FUNCTION = YES;
				GCC_WARN_UNUSED_VARIABLE = YES;
				IPHONEOS_DEPLOYMENT_TARGET = 14.0;
				MTL_ENABLE_DEBUG_INFO = INCLUDE_SOURCE;
				MTL_FAST_MATH = YES;
				ONLY_ACTIVE_ARCH = YES;
				SDKROOT = iphoneos;
				SWIFT_ACTIVE_COMPILATION_CONDITIONS = DEBUG;
				SWIFT_OPTIMIZATION_LEVEL = "-Onone";
			};
			name = Debug;
		};
		1AF47ADE253666DA0092CE1B /* Release */ = {
			isa = XCBuildConfiguration;
			buildSettings = {
				ALWAYS_SEARCH_USER_PATHS = NO;
				CLANG_ANALYZER_NONNULL = YES;
				CLANG_ANALYZER_NUMBER_OBJECT_CONVERSION = YES_AGGRESSIVE;
				CLANG_CXX_LANGUAGE_STANDARD = "gnu++14";
				CLANG_CXX_LIBRARY = "libc++";
				CLANG_ENABLE_MODULES = YES;
				CLANG_ENABLE_OBJC_ARC = YES;
				CLANG_ENABLE_OBJC_WEAK = YES;
				CLANG_WARN_BLOCK_CAPTURE_AUTORELEASING = YES;
				CLANG_WARN_BOOL_CONVERSION = YES;
				CLANG_WARN_COMMA = YES;
				CLANG_WARN_CONSTANT_CONVERSION = YES;
				CLANG_WARN_DEPRECATED_OBJC_IMPLEMENTATIONS = YES;
				CLANG_WARN_DIRECT_OBJC_ISA_USAGE = YES_ERROR;
				CLANG_WARN_DOCUMENTATION_COMMENTS = YES;
				CLANG_WARN_EMPTY_BODY = YES;
				CLANG_WARN_ENUM_CONVERSION = YES;
				CLANG_WARN_INFINITE_RECURSION = YES;
				CLANG_WARN_INT_CONVERSION = YES;
				CLANG_WARN_NON_LITERAL_NULL_CONVERSION = YES;
				CLANG_WARN_OBJC_IMPLICIT_RETAIN_SELF = YES;
				CLANG_WARN_OBJC_LITERAL_CONVERSION = YES;
				CLANG_WARN_OBJC_ROOT_CLASS = YES_ERROR;
				CLANG_WARN_QUOTED_INCLUDE_IN_FRAMEWORK_HEADER = YES;
				CLANG_WARN_RANGE_LOOP_ANALYSIS = YES;
				CLANG_WARN_STRICT_PROTOTYPES = YES;
				CLANG_WARN_SUSPICIOUS_MOVE = YES;
				CLANG_WARN_UNGUARDED_AVAILABILITY = YES_AGGRESSIVE;
				CLANG_WARN_UNREACHABLE_CODE = YES;
				CLANG_WARN__DUPLICATE_METHOD_MATCH = YES;
				COPY_PHASE_STRIP = NO;
				DEBUG_INFORMATION_FORMAT = "dwarf-with-dsym";
				ENABLE_NS_ASSERTIONS = NO;
				ENABLE_STRICT_OBJC_MSGSEND = YES;
				GCC_C_LANGUAGE_STANDARD = gnu11;
				GCC_NO_COMMON_BLOCKS = YES;
				GCC_WARN_64_TO_32_BIT_CONVERSION = YES;
				GCC_WARN_ABOUT_RETURN_TYPE = YES_ERROR;
				GCC_WARN_UNDECLARED_SELECTOR = YES;
				GCC_WARN_UNINITIALIZED_AUTOS = YES_AGGRESSIVE;
				GCC_WARN_UNUSED_FUNCTION = YES;
				GCC_WARN_UNUSED_VARIABLE = YES;
				IPHONEOS_DEPLOYMENT_TARGET = 14.0;
				MTL_ENABLE_DEBUG_INFO = NO;
				MTL_FAST_MATH = YES;
				SDKROOT = iphoneos;
				SWIFT_COMPILATION_MODE = wholemodule;
				SWIFT_OPTIMIZATION_LEVEL = "-O";
				VALIDATE_PRODUCT = YES;
			};
			name = Release;
		};
		1AF47AE0253666DA0092CE1B /* Debug */ = {
			isa = XCBuildConfiguration;
			baseConfigurationReference = 2CC66262A03F9E3F9A513159 /* Pods-Mobilize.debug.xcconfig */;
			buildSettings = {
				ASSETCATALOG_COMPILER_APPICON_NAME = AppIcon;
				ASSETCATALOG_COMPILER_GLOBAL_ACCENT_COLOR_NAME = AccentColor;
				CODE_SIGN_ENTITLEMENTS = Mobilize/Mobilize.entitlements;
				CODE_SIGN_STYLE = Automatic;
				DEVELOPMENT_TEAM = 7JAN4C6J54;
				INFOPLIST_FILE = Mobilize/Info.plist;
				LD_RUNPATH_SEARCH_PATHS = (
					"$(inherited)",
					"@executable_path/Frameworks",
				);
				PRODUCT_BUNDLE_IDENTIFIER = Group6.Mobilize;
				PRODUCT_NAME = "$(TARGET_NAME)";
				SWIFT_VERSION = 5.0;
				TARGETED_DEVICE_FAMILY = "1,2";
			};
			name = Debug;
		};
		1AF47AE1253666DA0092CE1B /* Release */ = {
			isa = XCBuildConfiguration;
			baseConfigurationReference = 2F96F08B931D41834245C92F /* Pods-Mobilize.release.xcconfig */;
			buildSettings = {
				ASSETCATALOG_COMPILER_APPICON_NAME = AppIcon;
				ASSETCATALOG_COMPILER_GLOBAL_ACCENT_COLOR_NAME = AccentColor;
				CODE_SIGN_ENTITLEMENTS = Mobilize/Mobilize.entitlements;
				CODE_SIGN_STYLE = Automatic;
				DEVELOPMENT_TEAM = 7JAN4C6J54;
				INFOPLIST_FILE = Mobilize/Info.plist;
				LD_RUNPATH_SEARCH_PATHS = (
					"$(inherited)",
					"@executable_path/Frameworks",
				);
				PRODUCT_BUNDLE_IDENTIFIER = Group6.Mobilize;
				PRODUCT_NAME = "$(TARGET_NAME)";
				SWIFT_VERSION = 5.0;
				TARGETED_DEVICE_FAMILY = "1,2";
			};
			name = Release;
		};
/* End XCBuildConfiguration section */

/* Begin XCConfigurationList section */
		1AF47AC3253666DA0092CE1B /* Build configuration list for PBXProject "Mobilize" */ = {
			isa = XCConfigurationList;
			buildConfigurations = (
				1AF47ADD253666DA0092CE1B /* Debug */,
				1AF47ADE253666DA0092CE1B /* Release */,
			);
			defaultConfigurationIsVisible = 0;
			defaultConfigurationName = Release;
		};
		1AF47ADF253666DA0092CE1B /* Build configuration list for PBXNativeTarget "Mobilize" */ = {
			isa = XCConfigurationList;
			buildConfigurations = (
				1AF47AE0253666DA0092CE1B /* Debug */,
				1AF47AE1253666DA0092CE1B /* Release */,
			);
			defaultConfigurationIsVisible = 0;
			defaultConfigurationName = Release;
		};
/* End XCConfigurationList section */

/* Begin XCVersionGroup section */
		1AF47AD4253666DA0092CE1B /* Mobilize.xcdatamodeld */ = {
			isa = XCVersionGroup;
			children = (
				1AF47AD5253666DA0092CE1B /* Mobilize.xcdatamodel */,
			);
			currentVersion = 1AF47AD5253666DA0092CE1B /* Mobilize.xcdatamodel */;
			path = Mobilize.xcdatamodeld;
			sourceTree = "<group>";
			versionGroupType = wrapper.xcdatamodel;
		};
/* End XCVersionGroup section */
	};
	rootObject = 1AF47AC0253666DA0092CE1B /* Project object */;
}
